
Microsoft Visual Studio Solution File, Format Version 12.00
# Visual Studio Version 17
VisualStudioVersion = 17.9.34622.214
MinimumVisualStudioVersion = 10.0.40219.1
Project("{FAE04EC0-301F-11D3-BF4B-00C04F79EFBC}") = "cliente_feriados", "cliente_feriados.csproj", "{0816921C-8F6D-4EAC-A4D4-B0DD385F556D}"
EndProject
Global
	GlobalSection(SolutionConfigurationPlatforms) = preSolution
		Debug|Any CPU = Debug|Any CPU
		Release|Any CPU = Release|Any CPU
	EndGlobalSection
	GlobalSection(ProjectConfigurationPlatforms) = postSolution
		{0816921C-8F6D-4EAC-A4D4-B0DD385F556D}.Debug|Any CPU.ActiveCfg = Debug|Any CPU
		{0816921C-8F6D-4EAC-A4D4-B0DD385F556D}.Debug|Any CPU.Build.0 = Debug|Any CPU
		{0816921C-8F6D-4EAC-A4D4-B0DD385F556D}.Release|Any CPU.ActiveCfg = Release|Any CPU
		{0816921C-8F6D-4EAC-A4D4-B0DD385F556D}.Release|Any CPU.Build.0 = Release|Any CPU
	EndGlobalSection
	GlobalSection(SolutionProperties) = preSolution
		HideSolutionNode = FALSE
	EndGlobalSection
	GlobalSection(ExtensibilityGlobals) = postSolution
		SolutionGuid = {55972CCB-4061-4A13-8FD1-3D7EC9144A02}
	EndGlobalSection
EndGlobal
